{
  "version": 4,
  "terraform_version": "1.8.5",
  "serial": 7,
  "lineage": "863ea988-e993-cd21-6ab8-31ce61f88330",
  "outputs": {},
  "resources": [
    {
      "mode": "managed",
      "type": "aws_ecr_lifecycle_policy",
      "name": "ecr_policy",
      "provider": "provider[\"registry.terraform.io/hashicorp/aws\"]",
      "instances": [
        {
          "schema_version": 0,
          "attributes": {
            "id": "docker_ecr_repo",
            "policy": "{\"rules\":[{\"action\":{\"type\":\"expire\"},\"description\":\"Expire images older than 14 days\",\"rulePriority\":1,\"selection\":{\"countNumber\":14,\"countType\":\"sinceImagePushed\",\"countUnit\":\"days\",\"tagStatus\":\"any\"}}]}",
            "registry_id": "381491848850",
            "repository": "docker_ecr_repo"
          },
          "sensitive_attributes": [],
          "private": "bnVsbA==",
          "dependencies": [
            "aws_ecr_repository.ecr_repo"
          ]
        }
      ]
    },
    {
      "mode": "managed",
      "type": "aws_ecr_repository",
      "name": "ecr_repo",
      "provider": "provider[\"registry.terraform.io/hashicorp/aws\"]",
      "instances": [
        {
          "schema_version": 0,
          "attributes": {
            "arn": "arn:aws:ecr:us-east-1:381491848850:repository/docker_ecr_repo",
            "encryption_configuration": [
              {
                "encryption_type": "KMS",
                "kms_key": "arn:aws:kms:us-east-1:381491848850:key/e485b465-def0-42cc-8673-c99c6a7c1015"
              }
            ],
            "force_delete": true,
            "id": "docker_ecr_repo",
            "image_scanning_configuration": [
              {
                "scan_on_push": true
              }
            ],
            "image_tag_mutability": "IMMUTABLE",
            "name": "docker_ecr_repo",
            "registry_id": "381491848850",
            "repository_url": "381491848850.dkr.ecr.us-east-1.amazonaws.com/docker_ecr_repo",
            "tags": {
              "Group": "test",
              "Name": "worker-repository"
            },
            "tags_all": {
              "Group": "test",
              "Name": "worker-repository"
            },
            "timeouts": null
          },
          "sensitive_attributes": [],
          "private": "eyJlMmJmYjczMC1lY2FhLTExZTYtOGY4OC0zNDM2M2JjN2M0YzAiOnsiZGVsZXRlIjoxMjAwMDAwMDAwMDAwfX0="
        }
      ]
    },
    {
      "mode": "managed",
      "type": "aws_ecr_repository_policy",
      "name": "demo-repo-policy",
      "provider": "provider[\"registry.terraform.io/hashicorp/aws\"]",
      "instances": [
        {
          "schema_version": 0,
          "attributes": {
            "id": "docker_ecr_repo",
            "policy": "{\"Statement\":[{\"Action\":[\"ecr:BatchCheckLayerAvailability\",\"ecr:BatchGetImage\",\"ecr:CompleteLayerUpload\",\"ecr:GetDownloadUrlForLayer\",\"ecr:GetLifecyclePolicy\",\"ecr:InitiateLayerUpload\",\"ecr:PutImage\",\"ecr:UploadLayerPart\"],\"Effect\":\"Allow\",\"Principal\":\"*\",\"Sid\":\"Set the permission for ECR\"}],\"Version\":\"2008-10-17\"}",
            "registry_id": "381491848850",
            "repository": "docker_ecr_repo"
          },
          "sensitive_attributes": [],
          "private": "bnVsbA==",
          "dependencies": [
            "aws_ecr_repository.ecr_repo"
          ]
        }
      ]
    }
  ],
  "check_results": null
}
